
Microsoft Visual Studio Solution File, Format Version 12.00
# Visual Studio 15
VisualStudioVersion = 15.0.33919.361
MinimumVisualStudioVersion = 10.0.40219.1
Project("{159641D6-6404-4A2A-AE62-294DE0FE8301}") = "AdventureWorks", "Integration Services Project4\AdventureWorks.dtproj", "{BE0951B3-B255-4FF1-939C-E3FCB41D38D5}"
EndProject
Global
	GlobalSection(SolutionConfigurationPlatforms) = preSolution
		Development|Default = Development|Default
	EndGlobalSection
	GlobalSection(ProjectConfigurationPlatforms) = postSolution
		{BE0951B3-B255-4FF1-939C-E3FCB41D38D5}.Development|Default.ActiveCfg = Development
		{BE0951B3-B255-4FF1-939C-E3FCB41D38D5}.Development|Default.Build.0 = Development
	EndGlobalSection
	GlobalSection(SolutionProperties) = preSolution
		HideSolutionNode = FALSE
	EndGlobalSection
	GlobalSection(ExtensibilityGlobals) = postSolution
		SolutionGuid = {C717C50F-8BAD-47BB-BEC1-7EC6623FDA69}
	EndGlobalSection
EndGlobal
